
Microsoft Visual Studio Solution File, Format Version 12.00
# Visual Studio Version 17
VisualStudioVersion = 17.14.36804.6 d17.14
MinimumVisualStudioVersion = 10.0.40219.1
Project("{FAE04EC0-301F-11D3-BF4B-00C04F79EFBC}") = "AspNetMvcMonolithic", "AspNetMvcMonolithic\AspNetMvcMonolithic.csproj", "{B466F4C1-D3F0-4577-B597-81429BC83513}"
EndProject
Global
	GlobalSection(SolutionConfigurationPlatforms) = preSolution
		Debug|Any CPU = Debug|Any CPU
		Release|Any CPU = Release|Any CPU
	EndGlobalSection
	GlobalSection(ProjectConfigurationPlatforms) = postSolution
		{B466F4C1-D3F0-4577-B597-81429BC83513}.Debug|Any CPU.ActiveCfg = Debug|Any CPU
		{B466F4C1-D3F0-4577-B597-81429BC83513}.Debug|Any CPU.Build.0 = Debug|Any CPU
		{B466F4C1-D3F0-4577-B597-81429BC83513}.Release|Any CPU.ActiveCfg = Release|Any CPU
		{B466F4C1-D3F0-4577-B597-81429BC83513}.Release|Any CPU.Build.0 = Release|Any CPU
	EndGlobalSection
	GlobalSection(SolutionProperties) = preSolution
		HideSolutionNode = FALSE
	EndGlobalSection
	GlobalSection(ExtensibilityGlobals) = postSolution
		SolutionGuid = {8F378505-8997-45F2-A99A-1B450875DD85}
	EndGlobalSection
EndGlobal
